// !$*UTF8*$!
{
	archiveVersion = 1;
	classes = {
	};
	objectVersion = 46;
	objects = {

/* Begin PBXBuildFile section */
		1245044A1719BA0000E3E2AD /* Cocoa.framework in Frameworks */ = {isa = PBXBuildFile; fileRef = 124504491719BA0000E3E2AD /* Cocoa.framework */; };
		124504541719BA0000E3E2AD /* InfoPlist.strings in Resources */ = {isa = PBXBuildFile; fileRef = 124504521719BA0000E3E2AD /* InfoPlist.strings */; };
		124504561719BA0000E3E2AD /* main.m in Sources */ = {isa = PBXBuildFile; fileRef = 124504551719BA0000E3E2AD /* main.m */; };
		1245045A1719BA0000E3E2AD /* Credits.rtf in Resources */ = {isa = PBXBuildFile; fileRef = 124504581719BA0000E3E2AD /* Credits.rtf */; };
		1245045D1719BA0000E3E2AD /* AppDelegate.m in Sources */ = {isa = PBXBuildFile; fileRef = 1245045C1719BA0000E3E2AD /* AppDelegate.m */; };
		124504601719BA0000E3E2AD /* MainMenu.xib in Resources */ = {isa = PBXBuildFile; fileRef = 1245045E1719BA0000E3E2AD /* MainMenu.xib */; };
		124504791719BB0500E3E2AD /* engine.h in Frameworks */ = {isa = PBXBuildFile; fileRef = 1245046E1719BAF000E3E2AD /* engine.h */; };
		124504831719EFA000E3E2AD /* libengine.a in Frameworks */ = {isa = PBXBuildFile; fileRef = 124504821719EFA000E3E2AD /* libengine.a */; };
		124504851719F9A500E3E2AD /* libportaudio.a in Frameworks */ = {isa = PBXBuildFile; fileRef = 124504841719F9A500E3E2AD /* libportaudio.a */; };
/* End PBXBuildFile section */

/* Begin PBXFileReference section */
		124504461719BA0000E3E2AD /* Strobie.app */ = {isa = PBXFileReference; explicitFileType = wrapper.application; includeInIndex = 0; path = Strobie.app; sourceTree = BUILT_PRODUCTS_DIR; };
		124504491719BA0000E3E2AD /* Cocoa.framework */ = {isa = PBXFileReference; lastKnownFileType = wrapper.framework; name = Cocoa.framework; path = System/Library/Frameworks/Cocoa.framework; sourceTree = SDKROOT; };
		1245044C1719BA0000E3E2AD /* AppKit.framework */ = {isa = PBXFileReference; lastKnownFileType = wrapper.framework; name = AppKit.framework; path = System/Library/Frameworks/AppKit.framework; sourceTree = SDKROOT; };
		1245044D1719BA0000E3E2AD /* CoreData.framework */ = {isa = PBXFileReference; lastKnownFileType = wrapper.framework; name = CoreData.framework; path = System/Library/Frameworks/CoreData.framework; sourceTree = SDKROOT; };
		1245044E1719BA0000E3E2AD /* Foundation.framework */ = {isa = PBXFileReference; lastKnownFileType = wrapper.framework; name = Foundation.framework; path = System/Library/Frameworks/Foundation.framework; sourceTree = SDKROOT; };
		124504511719BA0000E3E2AD /* Strobie-Info.plist */ = {isa = PBXFileReference; lastKnownFileType = text.plist.xml; path = "Strobie-Info.plist"; sourceTree = "<group>"; };
		124504531719BA0000E3E2AD /* en */ = {isa = PBXFileReference; lastKnownFileType = text.plist.strings; name = en; path = en.lproj/InfoPlist.strings; sourceTree = "<group>"; };
		124504551719BA0000E3E2AD /* main.m */ = {isa = PBXFileReference; lastKnownFileType = sourcecode.c.objc; path = main.m; sourceTree = "<group>"; };
		124504571719BA0000E3E2AD /* Strobie-Prefix.pch */ = {isa = PBXFileReference; lastKnownFileType = sourcecode.c.h; path = "Strobie-Prefix.pch"; sourceTree = "<group>"; };
		124504591719BA0000E3E2AD /* en */ = {isa = PBXFileReference; lastKnownFileType = text.rtf; name = en; path = en.lproj/Credits.rtf; sourceTree = "<group>"; };
		1245045B1719BA0000E3E2AD /* AppDelegate.h */ = {isa = PBXFileReference; lastKnownFileType = sourcecode.c.h; path = AppDelegate.h; sourceTree = "<group>"; };
		1245045C1719BA0000E3E2AD /* AppDelegate.m */ = {isa = PBXFileReference; lastKnownFileType = sourcecode.c.objc; path = AppDelegate.m; sourceTree = "<group>"; };
		1245045F1719BA0000E3E2AD /* en */ = {isa = PBXFileReference; lastKnownFileType = file.xib; name = en; path = en.lproj/MainMenu.xib; sourceTree = "<group>"; };
		124504671719BAF000E3E2AD /* audio_feed.c */ = {isa = PBXFileReference; lastKnownFileType = sourcecode.c.c; path = audio_feed.c; sourceTree = "<group>"; };
		124504681719BAF000E3E2AD /* audio_feed.h */ = {isa = PBXFileReference; lastKnownFileType = sourcecode.c.h; path = audio_feed.h; sourceTree = "<group>"; };
		124504691719BAF000E3E2AD /* biquad.c */ = {isa = PBXFileReference; lastKnownFileType = sourcecode.c.c; path = biquad.c; sourceTree = "<group>"; };
		1245046A1719BAF000E3E2AD /* biquad.h */ = {isa = PBXFileReference; lastKnownFileType = sourcecode.c.h; path = biquad.h; sourceTree = "<group>"; };
		1245046B1719BAF000E3E2AD /* config.c */ = {isa = PBXFileReference; lastKnownFileType = sourcecode.c.c; path = config.c; sourceTree = "<group>"; };
		1245046C1719BAF000E3E2AD /* config.h */ = {isa = PBXFileReference; lastKnownFileType = sourcecode.c.h; path = config.h; sourceTree = "<group>"; };
		1245046D1719BAF000E3E2AD /* engine.c */ = {isa = PBXFileReference; lastKnownFileType = sourcecode.c.c; path = engine.c; sourceTree = "<group>"; };
		1245046E1719BAF000E3E2AD /* engine.h */ = {isa = PBXFileReference; lastKnownFileType = sourcecode.c.h; path = engine.h; sourceTree = "<group>"; };
		1245046F1719BAF000E3E2AD /* pitch_estimation.c */ = {isa = PBXFileReference; lastKnownFileType = sourcecode.c.c; path = pitch_estimation.c; sourceTree = "<group>"; };
		124504701719BAF000E3E2AD /* pitch_estimation.h */ = {isa = PBXFileReference; lastKnownFileType = sourcecode.c.h; path = pitch_estimation.h; sourceTree = "<group>"; };
		124504711719BAF000E3E2AD /* rgb.h */ = {isa = PBXFileReference; lastKnownFileType = sourcecode.c.h; path = rgb.h; sourceTree = "<group>"; };
		124504721719BAF000E3E2AD /* src.c */ = {isa = PBXFileReference; lastKnownFileType = sourcecode.c.c; path = src.c; sourceTree = "<group>"; };
		124504731719BAF000E3E2AD /* src.h */ = {isa = PBXFileReference; lastKnownFileType = sourcecode.c.h; path = src.h; sourceTree = "<group>"; };
		124504741719BAF000E3E2AD /* strobe.c */ = {isa = PBXFileReference; lastKnownFileType = sourcecode.c.c; path = strobe.c; sourceTree = "<group>"; };
		124504751719BAF000E3E2AD /* strobe.h */ = {isa = PBXFileReference; lastKnownFileType = sourcecode.c.h; path = strobe.h; sourceTree = "<group>"; };
		124504761719BAF000E3E2AD /* tuning.c */ = {isa = PBXFileReference; lastKnownFileType = sourcecode.c.c; path = tuning.c; sourceTree = "<group>"; };
		124504771719BAF000E3E2AD /* tuning.h */ = {isa = PBXFileReference; lastKnownFileType = sourcecode.c.h; path = tuning.h; sourceTree = "<group>"; };
		124504781719BAF000E3E2AD /* utils.h */ = {isa = PBXFileReference; lastKnownFileType = sourcecode.c.h; path = utils.h; sourceTree = "<group>"; };
		1245047A1719BB7700E3E2AD /* kiss_fft.h */ = {isa = PBXFileReference; lastKnownFileType = sourcecode.c.h; name = kiss_fft.h; path = ../../../kiss_fft130/kiss_fft.h; sourceTree = "<group>"; };
		1245047B1719BB7700E3E2AD /* kiss_fftr.h */ = {isa = PBXFileReference; lastKnownFileType = sourcecode.c.h; name = kiss_fftr.h; path = ../../../kiss_fft130/tools/kiss_fftr.h; sourceTree = "<group>"; };
		1245047E1719BB9B00E3E2AD /* portaudio.h */ = {isa = PBXFileReference; lastKnownFileType = sourcecode.c.h; name = portaudio.h; path = ../../../portaudio/include/portaudio.h; sourceTree = "<group>"; };
		1245047F1719BB9B00E3E2AD /* pa_ringbuffer.h */ = {isa = PBXFileReference; lastKnownFileType = sourcecode.c.h; name = pa_ringbuffer.h; path = ../../../portaudio/src/common/pa_ringbuffer.h; sourceTree = "<group>"; };
		124504821719EFA000E3E2AD /* libengine.a */ = {isa = PBXFileReference; lastKnownFileType = archive.ar; name = libengine.a; path = ../../engine/libengine.a; sourceTree = "<group>"; };
		124504841719F9A500E3E2AD /* libportaudio.a */ = {isa = PBXFileReference; lastKnownFileType = archive.ar; name = libportaudio.a; path = ../../../../../../../usr/local/Cellar/portaudio/19.20111121/lib/libportaudio.a; sourceTree = "<group>"; };
/* End PBXFileReference section */

/* Begin PBXFrameworksBuildPhase section */
		124504431719BA0000E3E2AD /* Frameworks */ = {
			isa = PBXFrameworksBuildPhase;
			buildActionMask = 2147483647;
			files = (
				124504851719F9A500E3E2AD /* libportaudio.a in Frameworks */,
				124504831719EFA000E3E2AD /* libengine.a in Frameworks */,
				124504791719BB0500E3E2AD /* engine.h in Frameworks */,
				1245044A1719BA0000E3E2AD /* Cocoa.framework in Frameworks */,
			);
			runOnlyForDeploymentPostprocessing = 0;
		};
/* End PBXFrameworksBuildPhase section */

/* Begin PBXGroup section */
		1245043D1719BA0000E3E2AD = {
			isa = PBXGroup;
			children = (
				124504841719F9A500E3E2AD /* libportaudio.a */,
				124504821719EFA000E3E2AD /* libengine.a */,
				1245047E1719BB9B00E3E2AD /* portaudio.h */,
				1245047F1719BB9B00E3E2AD /* pa_ringbuffer.h */,
				1245047A1719BB7700E3E2AD /* kiss_fft.h */,
				1245047B1719BB7700E3E2AD /* kiss_fftr.h */,
				124504661719BAF000E3E2AD /* engine */,
				1245044F1719BA0000E3E2AD /* Strobie */,
				124504481719BA0000E3E2AD /* Frameworks */,
				124504471719BA0000E3E2AD /* Products */,
			);
			sourceTree = "<group>";
		};
		124504471719BA0000E3E2AD /* Products */ = {
			isa = PBXGroup;
			children = (
				124504461719BA0000E3E2AD /* Strobie.app */,
			);
			name = Products;
			sourceTree = "<group>";
		};
		124504481719BA0000E3E2AD /* Frameworks */ = {
			isa = PBXGroup;
			children = (
				124504491719BA0000E3E2AD /* Cocoa.framework */,
				1245044B1719BA0000E3E2AD /* Other Frameworks */,
			);
			name = Frameworks;
			sourceTree = "<group>";
		};
		1245044B1719BA0000E3E2AD /* Other Frameworks */ = {
			isa = PBXGroup;
			children = (
				1245044C1719BA0000E3E2AD /* AppKit.framework */,
				1245044D1719BA0000E3E2AD /* CoreData.framework */,
				1245044E1719BA0000E3E2AD /* Foundation.framework */,
			);
			name = "Other Frameworks";
			sourceTree = "<group>";
		};
		1245044F1719BA0000E3E2AD /* Strobie */ = {
			isa = PBXGroup;
			children = (
				1245045B1719BA0000E3E2AD /* AppDelegate.h */,
				1245045C1719BA0000E3E2AD /* AppDelegate.m */,
				1245045E1719BA0000E3E2AD /* MainMenu.xib */,
				124504501719BA0000E3E2AD /* Supporting Files */,
			);
			path = Strobie;
			sourceTree = "<group>";
		};
		124504501719BA0000E3E2AD /* Supporting Files */ = {
			isa = PBXGroup;
			children = (
				124504511719BA0000E3E2AD /* Strobie-Info.plist */,
				124504521719BA0000E3E2AD /* InfoPlist.strings */,
				124504551719BA0000E3E2AD /* main.m */,
				124504571719BA0000E3E2AD /* Strobie-Prefix.pch */,
				124504581719BA0000E3E2AD /* Credits.rtf */,
			);
			name = "Supporting Files";
			sourceTree = "<group>";
		};
		124504661719BAF000E3E2AD /* engine */ = {
			isa = PBXGroup;
			children = (
				124504671719BAF000E3E2AD /* audio_feed.c */,
				124504681719BAF000E3E2AD /* audio_feed.h */,
				124504691719BAF000E3E2AD /* biquad.c */,
				1245046A1719BAF000E3E2AD /* biquad.h */,
				1245046B1719BAF000E3E2AD /* config.c */,
				1245046C1719BAF000E3E2AD /* config.h */,
				1245046D1719BAF000E3E2AD /* engine.c */,
				1245046E1719BAF000E3E2AD /* engine.h */,
				1245046F1719BAF000E3E2AD /* pitch_estimation.c */,
				124504701719BAF000E3E2AD /* pitch_estimation.h */,
				124504711719BAF000E3E2AD /* rgb.h */,
				124504721719BAF000E3E2AD /* src.c */,
				124504731719BAF000E3E2AD /* src.h */,
				124504741719BAF000E3E2AD /* strobe.c */,
				124504751719BAF000E3E2AD /* strobe.h */,
				124504761719BAF000E3E2AD /* tuning.c */,
				124504771719BAF000E3E2AD /* tuning.h */,
				124504781719BAF000E3E2AD /* utils.h */,
			);
			name = engine;
			path = ../../engine;
			sourceTree = "<group>";
		};
/* End PBXGroup section */

/* Begin PBXNativeTarget section */
		124504451719BA0000E3E2AD /* Strobie */ = {
			isa = PBXNativeTarget;
			buildConfigurationList = 124504631719BA0000E3E2AD /* Build configuration list for PBXNativeTarget "Strobie" */;
			buildPhases = (
				124504421719BA0000E3E2AD /* Sources */,
				124504431719BA0000E3E2AD /* Frameworks */,
				124504441719BA0000E3E2AD /* Resources */,
			);
			buildRules = (
			);
			dependencies = (
			);
			name = Strobie;
			productName = Strobie;
			productReference = 124504461719BA0000E3E2AD /* Strobie.app */;
			productType = "com.apple.product-type.application";
		};
/* End PBXNativeTarget section */

/* Begin PBXProject section */
		1245043E1719BA0000E3E2AD /* Project object */ = {
			isa = PBXProject;
			attributes = {
				LastUpgradeCheck = 0460;
				ORGANIZATIONNAME = "Davorin Šego";
			};
			buildConfigurationList = 124504411719BA0000E3E2AD /* Build configuration list for PBXProject "Strobie" */;
			compatibilityVersion = "Xcode 3.2";
			developmentRegion = English;
			hasScannedForEncodings = 0;
			knownRegions = (
				en,
			);
			mainGroup = 1245043D1719BA0000E3E2AD;
			productRefGroup = 124504471719BA0000E3E2AD /* Products */;
			projectDirPath = "";
			projectRoot = "";
			targets = (
				124504451719BA0000E3E2AD /* Strobie */,
			);
		};
/* End PBXProject section */

/* Begin PBXResourcesBuildPhase section */
		124504441719BA0000E3E2AD /* Resources */ = {
			isa = PBXResourcesBuildPhase;
			buildActionMask = 2147483647;
			files = (
				124504541719BA0000E3E2AD /* InfoPlist.strings in Resources */,
				1245045A1719BA0000E3E2AD /* Credits.rtf in Resources */,
				124504601719BA0000E3E2AD /* MainMenu.xib in Resources */,
			);
			runOnlyForDeploymentPostprocessing = 0;
		};
/* End PBXResourcesBuildPhase section */

/* Begin PBXSourcesBuildPhase section */
		124504421719BA0000E3E2AD /* Sources */ = {
			isa = PBXSourcesBuildPhase;
			buildActionMask = 2147483647;
			files = (
				124504561719BA0000E3E2AD /* main.m in Sources */,
				1245045D1719BA0000E3E2AD /* AppDelegate.m in Sources */,
			);
			runOnlyForDeploymentPostprocessing = 0;
		};
/* End PBXSourcesBuildPhase section */

/* Begin PBXVariantGroup section */
		124504521719BA0000E3E2AD /* InfoPlist.strings */ = {
			isa = PBXVariantGroup;
			children = (
				124504531719BA0000E3E2AD /* en */,
			);
			name = InfoPlist.strings;
			sourceTree = "<group>";
		};
		124504581719BA0000E3E2AD /* Credits.rtf */ = {
			isa = PBXVariantGroup;
			children = (
				124504591719BA0000E3E2AD /* en */,
			);
			name = Credits.rtf;
			sourceTree = "<group>";
		};
		1245045E1719BA0000E3E2AD /* MainMenu.xib */ = {
			isa = PBXVariantGroup;
			children = (
				1245045F1719BA0000E3E2AD /* en */,
			);
			name = MainMenu.xib;
			sourceTree = "<group>";
		};
/* End PBXVariantGroup section */

/* Begin XCBuildConfiguration section */
		124504611719BA0000E3E2AD /* Debug */ = {
			isa = XCBuildConfiguration;
			buildSettings = {
				ALWAYS_SEARCH_USER_PATHS = NO;
				ARCHS = "$(ARCHS_STANDARD_64_BIT)";
				CLANG_CXX_LANGUAGE_STANDARD = "gnu++0x";
				CLANG_CXX_LIBRARY = "libc++";
				CLANG_ENABLE_OBJC_ARC = YES;
				CLANG_WARN_CONSTANT_CONVERSION = YES;
				CLANG_WARN_EMPTY_BODY = YES;
				CLANG_WARN_ENUM_CONVERSION = YES;
				CLANG_WARN_INT_CONVERSION = YES;
				CLANG_WARN__DUPLICATE_METHOD_MATCH = YES;
				COPY_PHASE_STRIP = NO;
				GCC_C_LANGUAGE_STANDARD = gnu99;
				GCC_DYNAMIC_NO_PIC = NO;
				GCC_ENABLE_OBJC_EXCEPTIONS = YES;
				GCC_OPTIMIZATION_LEVEL = 0;
				GCC_PREPROCESSOR_DEFINITIONS = (
					"DEBUG=1",
					"$(inherited)",
				);
				GCC_SYMBOLS_PRIVATE_EXTERN = NO;
				GCC_WARN_64_TO_32_BIT_CONVERSION = YES;
				GCC_WARN_ABOUT_RETURN_TYPE = YES;
				GCC_WARN_UNINITIALIZED_AUTOS = YES;
				GCC_WARN_UNUSED_VARIABLE = YES;
				MACOSX_DEPLOYMENT_TARGET = 10.8;
				ONLY_ACTIVE_ARCH = YES;
				SDKROOT = macosx;
			};
			name = Debug;
		};
		124504621719BA0000E3E2AD /* Release */ = {
			isa = XCBuildConfiguration;
			buildSettings = {
				ALWAYS_SEARCH_USER_PATHS = NO;
				ARCHS = "$(ARCHS_STANDARD_64_BIT)";
				CLANG_CXX_LANGUAGE_STANDARD = "gnu++0x";
				CLANG_CXX_LIBRARY = "libc++";
				CLANG_ENABLE_OBJC_ARC = YES;
				CLANG_WARN_CONSTANT_CONVERSION = YES;
				CLANG_WARN_EMPTY_BODY = YES;
				CLANG_WARN_ENUM_CONVERSION = YES;
				CLANG_WARN_INT_CONVERSION = YES;
				CLANG_WARN__DUPLICATE_METHOD_MATCH = YES;
				COPY_PHASE_STRIP = YES;
				DEBUG_INFORMATION_FORMAT = "dwarf-with-dsym";
				GCC_C_LANGUAGE_STANDARD = gnu99;
				GCC_ENABLE_OBJC_EXCEPTIONS = YES;
				GCC_WARN_64_TO_32_BIT_CONVERSION = YES;
				GCC_WARN_ABOUT_RETURN_TYPE = YES;
				GCC_WARN_UNINITIALIZED_AUTOS = YES;
				GCC_WARN_UNUSED_VARIABLE = YES;
				MACOSX_DEPLOYMENT_TARGET = 10.8;
				SDKROOT = macosx;
			};
			name = Release;
		};
		124504641719BA0000E3E2AD /* Debug */ = {
			isa = XCBuildConfiguration;
			buildSettings = {
				COMBINE_HIDPI_IMAGES = YES;
				GCC_PRECOMPILE_PREFIX_HEADER = YES;
				GCC_PREFIX_HEADER = "Strobie/Strobie-Prefix.pch";
				INFOPLIST_FILE = "Strobie/Strobie-Info.plist";
				LIBRARY_SEARCH_PATHS = (
					"$(inherited)",
					"\"$(SRCROOT)/../../engine\"",
					/usr/local/Cellar/portaudio/19.20111121/lib,
				);
				PRODUCT_NAME = "$(TARGET_NAME)";
				WRAPPER_EXTENSION = app;
			};
			name = Debug;
		};
		124504651719BA0000E3E2AD /* Release */ = {
			isa = XCBuildConfiguration;
			buildSettings = {
				COMBINE_HIDPI_IMAGES = YES;
				GCC_PRECOMPILE_PREFIX_HEADER = YES;
				GCC_PREFIX_HEADER = "Strobie/Strobie-Prefix.pch";
				INFOPLIST_FILE = "Strobie/Strobie-Info.plist";
				LIBRARY_SEARCH_PATHS = (
					"$(inherited)",
					"\"$(SRCROOT)/../../engine\"",
					/usr/local/Cellar/portaudio/19.20111121/lib,
				);
				PRODUCT_NAME = "$(TARGET_NAME)";
				WRAPPER_EXTENSION = app;
			};
			name = Release;
		};
/* End XCBuildConfiguration section */

/* Begin XCConfigurationList section */
		124504411719BA0000E3E2AD /* Build configuration list for PBXProject "Strobie" */ = {
			isa = XCConfigurationList;
			buildConfigurations = (
				124504611719BA0000E3E2AD /* Debug */,
				124504621719BA0000E3E2AD /* Release */,
			);
			defaultConfigurationIsVisible = 0;
			defaultConfigurationName = Release;
		};
		124504631719BA0000E3E2AD /* Build configuration list for PBXNativeTarget "Strobie" */ = {
			isa = XCConfigurationList;
			buildConfigurations = (
				124504641719BA0000E3E2AD /* Debug */,
				124504651719BA0000E3E2AD /* Release */,
			);
			defaultConfigurationIsVisible = 0;
			defaultConfigurationName = Release;
		};
/* End XCConfigurationList section */
	};
	rootObject = 1245043E1719BA0000E3E2AD /* Project object */;
}
